// !$*UTF8*$!
{
	archiveVersion = 1;
	classes = {
	};
	objectVersion = 48;
	objects = {

/* Begin PBXBuildFile section */
		A8508C18207EE8AE00A82AA0 /* ContactUsViewController.swift in Sources */ = {isa = PBXBuildFile; fileRef = A8508C17207EE8AE00A82AA0 /* ContactUsViewController.swift */; };
		A8844C4A207B191700A603DB /* Main.storyboard in Resources */ = {isa = PBXBuildFile; fileRef = A8844C48207B191700A603DB /* Main.storyboard */; };
		A8844C4C207BD28000A603DB /* WelcomeViewController.swift in Sources */ = {isa = PBXBuildFile; fileRef = A8844C4B207BD28000A603DB /* WelcomeViewController.swift */; };
		A8B3BF9C2067D06E00E049FC /* AppDelegate.swift in Sources */ = {isa = PBXBuildFile; fileRef = A8B3BF9B2067D06E00E049FC /* AppDelegate.swift */; };
		A8B3BFA32067D06E00E049FC /* Assets.xcassets in Resources */ = {isa = PBXBuildFile; fileRef = A8B3BFA22067D06E00E049FC /* Assets.xcassets */; };
		A8B3BFA62067D06E00E049FC /* LaunchScreen.storyboard in Resources */ = {isa = PBXBuildFile; fileRef = A8B3BFA42067D06E00E049FC /* LaunchScreen.storyboard */; };
		A8B3BFAE2067D30A00E049FC /* RegisterViewController.swift in Sources */ = {isa = PBXBuildFile; fileRef = A8B3BFAD2067D30A00E049FC /* RegisterViewController.swift */; };
		A8B3BFB02067D60400E049FC /* LoginViewController.swift in Sources */ = {isa = PBXBuildFile; fileRef = A8B3BFAF2067D60400E049FC /* LoginViewController.swift */; };
		A8B3BFB52067E08600E049FC /* GoogleService-Info.plist in Resources */ = {isa = PBXBuildFile; fileRef = A8B3BFB42067E08600E049FC /* GoogleService-Info.plist */; };
		A8BEEE4E206DEA3900D921DC /* AllAboutYourLawnViewController.swift in Sources */ = {isa = PBXBuildFile; fileRef = A8BEEE4D206DEA3900D921DC /* AllAboutYourLawnViewController.swift */; };
		A8F093192079A2A800C96AE2 /* ReccomendationsViewController.swift in Sources */ = {isa = PBXBuildFile; fileRef = A8F093182079A2A800C96AE2 /* ReccomendationsViewController.swift */; };
		D0028847678A89015B4F4795 /* Pods_XeriSavings.framework in Frameworks */ = {isa = PBXBuildFile; fileRef = 023E8CEB5E5D9232F0CD65C5 /* Pods_XeriSavings.framework */; };
/* End PBXBuildFile section */

/* Begin PBXFileReference section */
		023E8CEB5E5D9232F0CD65C5 /* Pods_XeriSavings.framework */ = {isa = PBXFileReference; explicitFileType = wrapper.framework; includeInIndex = 0; path = Pods_XeriSavings.framework; sourceTree = BUILT_PRODUCTS_DIR; };
		83255655E9B95D486AAE1AC4 /* Pods-XeriSavings.debug.xcconfig */ = {isa = PBXFileReference; includeInIndex = 1; lastKnownFileType = text.xcconfig; name = "Pods-XeriSavings.debug.xcconfig"; path = "Pods/Target Support Files/Pods-XeriSavings/Pods-XeriSavings.debug.xcconfig"; sourceTree = "<group>"; };
		A6EA73C94C4E609FDD9CF084 /* Pods-XeriSavings.release.xcconfig */ = {isa = PBXFileReference; includeInIndex = 1; lastKnownFileType = text.xcconfig; name = "Pods-XeriSavings.release.xcconfig"; path = "Pods/Target Support Files/Pods-XeriSavings/Pods-XeriSavings.release.xcconfig"; sourceTree = "<group>"; };
		A8508C17207EE8AE00A82AA0 /* ContactUsViewController.swift */ = {isa = PBXFileReference; lastKnownFileType = sourcecode.swift; path = ContactUsViewController.swift; sourceTree = "<group>"; };
		A8844C49207B191700A603DB /* Base */ = {isa = PBXFileReference; lastKnownFileType = file.storyboard; name = Base; path = Base.lproj/Main.storyboard; sourceTree = "<group>"; };
		A8844C4B207BD28000A603DB /* WelcomeViewController.swift */ = {isa = PBXFileReference; lastKnownFileType = sourcecode.swift; path = WelcomeViewController.swift; sourceTree = "<group>"; };
		A8B3BF982067D06E00E049FC /* XeriSavings.app */ = {isa = PBXFileReference; explicitFileType = wrapper.application; includeInIndex = 0; path = XeriSavings.app; sourceTree = BUILT_PRODUCTS_DIR; };
		A8B3BF9B2067D06E00E049FC /* AppDelegate.swift */ = {isa = PBXFileReference; lastKnownFileType = sourcecode.swift; path = AppDelegate.swift; sourceTree = "<group>"; };
		A8B3BFA22067D06E00E049FC /* Assets.xcassets */ = {isa = PBXFileReference; lastKnownFileType = folder.assetcatalog; path = Assets.xcassets; sourceTree = "<group>"; };
		A8B3BFA52067D06E00E049FC /* Base */ = {isa = PBXFileReference; lastKnownFileType = file.storyboard; name = Base; path = Base.lproj/LaunchScreen.storyboard; sourceTree = "<group>"; };
		A8B3BFA72067D06E00E049FC /* Info.plist */ = {isa = PBXFileReference; lastKnownFileType = text.plist.xml; path = Info.plist; sourceTree = "<group>"; };
		A8B3BFAD2067D30A00E049FC /* RegisterViewController.swift */ = {isa = PBXFileReference; lastKnownFileType = sourcecode.swift; path = RegisterViewController.swift; sourceTree = "<group>"; };
		A8B3BFAF2067D60400E049FC /* LoginViewController.swift */ = {isa = PBXFileReference; lastKnownFileType = sourcecode.swift; path = LoginViewController.swift; sourceTree = "<group>"; };
		A8B3BFB42067E08600E049FC /* GoogleService-Info.plist */ = {isa = PBXFileReference; fileEncoding = 4; lastKnownFileType = text.plist.xml; path = "GoogleService-Info.plist"; sourceTree = "<group>"; };
		A8BEEE4D206DEA3900D921DC /* AllAboutYourLawnViewController.swift */ = {isa = PBXFileReference; lastKnownFileType = sourcecode.swift; path = AllAboutYourLawnViewController.swift; sourceTree = "<group>"; };
		A8F093182079A2A800C96AE2 /* ReccomendationsViewController.swift */ = {isa = PBXFileReference; lastKnownFileType = sourcecode.swift; path = ReccomendationsViewController.swift; sourceTree = "<group>"; };
/* End PBXFileReference section */

/* Begin PBXFrameworksBuildPhase section */
		A8B3BF952067D06E00E049FC /* Frameworks */ = {
			isa = PBXFrameworksBuildPhase;
			buildActionMask = 2147483647;
			files = (
				D0028847678A89015B4F4795 /* Pods_XeriSavings.framework in Frameworks */,
			);
			runOnlyForDeploymentPostprocessing = 0;
		};
/* End PBXFrameworksBuildPhase section */

/* Begin PBXGroup section */
		01ECB5F8F9A24CC8AF72521D /* Frameworks */ = {
			isa = PBXGroup;
			children = (
				023E8CEB5E5D9232F0CD65C5 /* Pods_XeriSavings.framework */,
			);
			name = Frameworks;
			sourceTree = "<group>";
		};
		A8B3BF8F2067D06E00E049FC = {
			isa = PBXGroup;
			children = (
				A8B3BF9A2067D06E00E049FC /* XeriSavings */,
				A8B3BF992067D06E00E049FC /* Products */,
				01ECB5F8F9A24CC8AF72521D /* Frameworks */,
				CE8F3D3B83604F7EFD4971CF /* Pods */,
			);
			sourceTree = "<group>";
		};
		A8B3BF992067D06E00E049FC /* Products */ = {
			isa = PBXGroup;
			children = (
				A8B3BF982067D06E00E049FC /* XeriSavings.app */,
			);
			name = Products;
			sourceTree = "<group>";
		};
		A8B3BF9A2067D06E00E049FC /* XeriSavings */ = {
			isa = PBXGroup;
			children = (
				A8B3BFB32067E03300E049FC /* SupportingFiles */,
				A8B3BFB22067E01800E049FC /* View */,
				A8B3BFB12067DFAD00E049FC /* Controller */,
				A8B3BFA22067D06E00E049FC /* Assets.xcassets */,
			);
			path = XeriSavings;
			sourceTree = "<group>";
		};
		A8B3BFB12067DFAD00E049FC /* Controller */ = {
			isa = PBXGroup;
			children = (
				A8BEEE4D206DEA3900D921DC /* AllAboutYourLawnViewController.swift */,
				A8B3BF9B2067D06E00E049FC /* AppDelegate.swift */,
				A8B3BFAF2067D60400E049FC /* LoginViewController.swift */,
				A8B3BFAD2067D30A00E049FC /* RegisterViewController.swift */,
				A8F093182079A2A800C96AE2 /* ReccomendationsViewController.swift */,
				A8844C4B207BD28000A603DB /* WelcomeViewController.swift */,
				A8508C17207EE8AE00A82AA0 /* ContactUsViewController.swift */,
			);
			name = Controller;
			sourceTree = "<group>";
		};
		A8B3BFB22067E01800E049FC /* View */ = {
			isa = PBXGroup;
			children = (
				A8844C48207B191700A603DB /* Main.storyboard */,
				A8B3BFA42067D06E00E049FC /* LaunchScreen.storyboard */,
			);
			name = View;
			sourceTree = "<group>";
		};
		A8B3BFB32067E03300E049FC /* SupportingFiles */ = {
			isa = PBXGroup;
			children = (
				A8B3BFA72067D06E00E049FC /* Info.plist */,
				A8B3BFB42067E08600E049FC /* GoogleService-Info.plist */,
			);
			name = SupportingFiles;
			sourceTree = "<group>";
		};
		CE8F3D3B83604F7EFD4971CF /* Pods */ = {
			isa = PBXGroup;
			children = (
				83255655E9B95D486AAE1AC4 /* Pods-XeriSavings.debug.xcconfig */,
				A6EA73C94C4E609FDD9CF084 /* Pods-XeriSavings.release.xcconfig */,
			);
			name = Pods;
			sourceTree = "<group>";
		};
/* End PBXGroup section */

/* Begin PBXNativeTarget section */
		A8B3BF972067D06E00E049FC /* XeriSavings */ = {
			isa = PBXNativeTarget;
			buildConfigurationList = A8B3BFAA2067D06E00E049FC /* Build configuration list for PBXNativeTarget "XeriSavings" */;
			buildPhases = (
				93394F73DBFD95DFA15BDB9E /* [CP] Check Pods Manifest.lock */,
				A8B3BF942067D06E00E049FC /* Sources */,
				A8B3BF952067D06E00E049FC /* Frameworks */,
				A8B3BF962067D06E00E049FC /* Resources */,
				EE5D367DD5A892254C96B426 /* [CP] Embed Pods Frameworks */,
				10C3FD1A867523FD588FE906 /* [CP] Copy Pods Resources */,
			);
			buildRules = (
			);
			dependencies = (
			);
			name = XeriSavings;
			productName = XeriSavings;
			productReference = A8B3BF982067D06E00E049FC /* XeriSavings.app */;
			productType = "com.apple.product-type.application";
		};
/* End PBXNativeTarget section */

/* Begin PBXProject section */
		A8B3BF902067D06E00E049FC /* Project object */ = {
			isa = PBXProject;
			attributes = {
				LastSwiftUpdateCheck = 0920;
				LastUpgradeCheck = 0930;
				ORGANIZATIONNAME = cluboreo;
				TargetAttributes = {
					A8B3BF972067D06E00E049FC = {
						CreatedOnToolsVersion = 9.2;
						ProvisioningStyle = Automatic;
					};
				};
			};
			buildConfigurationList = A8B3BF932067D06E00E049FC /* Build configuration list for PBXProject "XeriSavings" */;
			compatibilityVersion = "Xcode 8.0";
			developmentRegion = en;
			hasScannedForEncodings = 0;
			knownRegions = (
				en,
				Base,
			);
			mainGroup = A8B3BF8F2067D06E00E049FC;
			productRefGroup = A8B3BF992067D06E00E049FC /* Products */;
			projectDirPath = "";
			projectRoot = "";
			targets = (
				A8B3BF972067D06E00E049FC /* XeriSavings */,
			);
		};
/* End PBXProject section */

/* Begin PBXResourcesBuildPhase section */
		A8B3BF962067D06E00E049FC /* Resources */ = {
			isa = PBXResourcesBuildPhase;
			buildActionMask = 2147483647;
			files = (
				A8B3BFA62067D06E00E049FC /* LaunchScreen.storyboard in Resources */,
				A8B3BFB52067E08600E049FC /* GoogleService-Info.plist in Resources */,
				A8B3BFA32067D06E00E049FC /* Assets.xcassets in Resources */,
				A8844C4A207B191700A603DB /* Main.storyboard in Resources */,
			);
			runOnlyForDeploymentPostprocessing = 0;
		};
/* End PBXResourcesBuildPhase section */

/* Begin PBXShellScriptBuildPhase section */
		10C3FD1A867523FD588FE906 /* [CP] Copy Pods Resources */ = {
			isa = PBXShellScriptBuildPhase;
			buildActionMask = 2147483647;
			files = (
			);
			inputPaths = (
			);
			name = "[CP] Copy Pods Resources";
			outputPaths = (
			);
			runOnlyForDeploymentPostprocessing = 0;
			shellPath = /bin/sh;
			shellScript = "\"${SRCROOT}/Pods/Target Support Files/Pods-XeriSavings/Pods-XeriSavings-resources.sh\"\n";
			showEnvVarsInLog = 0;
		};
		93394F73DBFD95DFA15BDB9E /* [CP] Check Pods Manifest.lock */ = {
			isa = PBXShellScriptBuildPhase;
			buildActionMask = 2147483647;
			files = (
			);
			inputPaths = (
				"${PODS_PODFILE_DIR_PATH}/Podfile.lock",
				"${PODS_ROOT}/Manifest.lock",
			);
			name = "[CP] Check Pods Manifest.lock";
			outputPaths = (
				"$(DERIVED_FILE_DIR)/Pods-XeriSavings-checkManifestLockResult.txt",
			);
			runOnlyForDeploymentPostprocessing = 0;
			shellPath = /bin/sh;
			shellScript = "diff \"${PODS_PODFILE_DIR_PATH}/Podfile.lock\" \"${PODS_ROOT}/Manifest.lock\" > /dev/null\nif [ $? != 0 ] ; then\n    # print error to STDERR\n    echo \"error: The sandbox is not in sync with the Podfile.lock. Run 'pod install' or update your CocoaPods installation.\" >&2\n    exit 1\nfi\n# This output is used by Xcode 'outputs' to avoid re-running this script phase.\necho \"SUCCESS\" > \"${SCRIPT_OUTPUT_FILE_0}\"\n";
			showEnvVarsInLog = 0;
		};
		EE5D367DD5A892254C96B426 /* [CP] Embed Pods Frameworks */ = {
			isa = PBXShellScriptBuildPhase;
			buildActionMask = 2147483647;
			files = (
			);
			inputPaths = (
				"${SRCROOT}/Pods/Target Support Files/Pods-XeriSavings/Pods-XeriSavings-frameworks.sh",
				"${BUILT_PRODUCTS_DIR}/DLRadioButton/DLRadioButton.framework",
				"${BUILT_PRODUCTS_DIR}/GTMSessionFetcher/GTMSessionFetcher.framework",
				"${BUILT_PRODUCTS_DIR}/GoogleToolboxForMac/GoogleToolboxForMac.framework",
				"${BUILT_PRODUCTS_DIR}/SVProgressHUD/SVProgressHUD.framework",
			);
			name = "[CP] Embed Pods Frameworks";
			outputPaths = (
				"${TARGET_BUILD_DIR}/${FRAMEWORKS_FOLDER_PATH}/DLRadioButton.framework",
				"${TARGET_BUILD_DIR}/${FRAMEWORKS_FOLDER_PATH}/GTMSessionFetcher.framework",
				"${TARGET_BUILD_DIR}/${FRAMEWORKS_FOLDER_PATH}/GoogleToolboxForMac.framework",
				"${TARGET_BUILD_DIR}/${FRAMEWORKS_FOLDER_PATH}/SVProgressHUD.framework",
			);
			runOnlyForDeploymentPostprocessing = 0;
			shellPath = /bin/sh;
			shellScript = "\"${SRCROOT}/Pods/Target Support Files/Pods-XeriSavings/Pods-XeriSavings-frameworks.sh\"\n";
			showEnvVarsInLog = 0;
		};
/* End PBXShellScriptBuildPhase section */

/* Begin PBXSourcesBuildPhase section */
		A8B3BF942067D06E00E049FC /* Sources */ = {
			isa = PBXSourcesBuildPhase;
			buildActionMask = 2147483647;
			files = (
				A8B3BFB02067D60400E049FC /* LoginViewController.swift in Sources */,
				A8844C4C207BD28000A603DB /* WelcomeViewController.swift in Sources */,
				A8508C18207EE8AE00A82AA0 /* ContactUsViewController.swift in Sources */,
				A8BEEE4E206DEA3900D921DC /* AllAboutYourLawnViewController.swift in Sources */,
				A8B3BFAE2067D30A00E049FC /* RegisterViewController.swift in Sources */,
				A8F093192079A2A800C96AE2 /* ReccomendationsViewController.swift in Sources */,
				A8B3BF9C2067D06E00E049FC /* AppDelegate.swift in Sources */,
			);
			runOnlyForDeploymentPostprocessing = 0;
		};
/* End PBXSourcesBuildPhase section */

/* Begin PBXVariantGroup section */
		A8844C48207B191700A603DB /* Main.storyboard */ = {
			isa = PBXVariantGroup;
			children = (
				A8844C49207B191700A603DB /* Base */,
			);
			name = Main.storyboard;
			sourceTree = "<group>";
		};
		A8B3BFA42067D06E00E049FC /* LaunchScreen.storyboard */ = {
			isa = PBXVariantGroup;
			children = (
				A8B3BFA52067D06E00E049FC /* Base */,
			);
			name = LaunchScreen.storyboard;
			sourceTree = "<group>";
		};
/* End PBXVariantGroup section */

/* Begin XCBuildConfiguration section */
		A8B3BFA82067D06E00E049FC /* Debug */ = {
			isa = XCBuildConfiguration;
			buildSettings = {
				ALWAYS_SEARCH_USER_PATHS = NO;
				CLANG_ANALYZER_NONNULL = YES;
				CLANG_ANALYZER_NUMBER_OBJECT_CONVERSION = YES_AGGRESSIVE;
				CLANG_CXX_LANGUAGE_STANDARD = "gnu++14";
				CLANG_CXX_LIBRARY = "libc++";
				CLANG_ENABLE_MODULES = YES;
				CLANG_ENABLE_OBJC_ARC = YES;
				CLANG_WARN_BLOCK_CAPTURE_AUTORELEASING = YES;
				CLANG_WARN_BOOL_CONVERSION = YES;
				CLANG_WARN_COMMA = YES;
				CLANG_WARN_CONSTANT_CONVERSION = YES;
				CLANG_WARN_DEPRECATED_OBJC_IMPLEMENTATIONS = YES;
				CLANG_WARN_DIRECT_OBJC_ISA_USAGE = YES_ERROR;
				CLANG_WARN_DOCUMENTATION_COMMENTS = YES;
				CLANG_WARN_EMPTY_BODY = YES;
				CLANG_WARN_ENUM_CONVERSION = YES;
				CLANG_WARN_INFINITE_RECURSION = YES;
				CLANG_WARN_INT_CONVERSION = YES;
				CLANG_WARN_NON_LITERAL_NULL_CONVERSION = YES;
				CLANG_WARN_OBJC_IMPLICIT_RETAIN_SELF = YES;
				CLANG_WARN_OBJC_LITERAL_CONVERSION = YES;
				CLANG_WARN_OBJC_ROOT_CLASS = YES_ERROR;
				CLANG_WARN_RANGE_LOOP_ANALYSIS = YES;
				CLANG_WARN_STRICT_PROTOTYPES = YES;
				CLANG_WARN_SUSPICIOUS_MOVE = YES;
				CLANG_WARN_UNGUARDED_AVAILABILITY = YES_AGGRESSIVE;
				CLANG_WARN_UNREACHABLE_CODE = YES;
				CLANG_WARN__DUPLICATE_METHOD_MATCH = YES;
				CODE_SIGN_IDENTITY = "iPhone Developer";
				COPY_PHASE_STRIP = NO;
				DEBUG_INFORMATION_FORMAT = dwarf;
				ENABLE_STRICT_OBJC_MSGSEND = YES;
				ENABLE_TESTABILITY = YES;
				GCC_C_LANGUAGE_STANDARD = gnu11;
				GCC_DYNAMIC_NO_PIC = NO;
				GCC_NO_COMMON_BLOCKS = YES;
				GCC_OPTIMIZATION_LEVEL = 0;
				GCC_PREPROCESSOR_DEFINITIONS = (
					"DEBUG=1",
					"$(inherited)",
				);
				GCC_WARN_64_TO_32_BIT_CONVERSION = YES;
				GCC_WARN_ABOUT_RETURN_TYPE = YES_ERROR;
				GCC_WARN_UNDECLARED_SELECTOR = YES;
				GCC_WARN_UNINITIALIZED_AUTOS = YES_AGGRESSIVE;
				GCC_WARN_UNUSED_FUNCTION = YES;
				GCC_WARN_UNUSED_VARIABLE = YES;
				IPHONEOS_DEPLOYMENT_TARGET = 11.2;
				MTL_ENABLE_DEBUG_INFO = YES;
				ONLY_ACTIVE_ARCH = YES;
				SDKROOT = iphoneos;
				SWIFT_ACTIVE_COMPILATION_CONDITIONS = DEBUG;
				SWIFT_OPTIMIZATION_LEVEL = "-Onone";
			};
			name = Debug;
		};
		A8B3BFA92067D06E00E049FC /* Release */ = {
			isa = XCBuildConfiguration;
			buildSettings = {
				ALWAYS_SEARCH_USER_PATHS = NO;
				CLANG_ANALYZER_NONNULL = YES;
				CLANG_ANALYZER_NUMBER_OBJECT_CONVERSION = YES_AGGRESSIVE;
				CLANG_CXX_LANGUAGE_STANDARD = "gnu++14";
				CLANG_CXX_LIBRARY = "libc++";
				CLANG_ENABLE_MODULES = YES;
				CLANG_ENABLE_OBJC_ARC = YES;
				CLANG_WARN_BLOCK_CAPTURE_AUTORELEASING = YES;
				CLANG_WARN_BOOL_CONVERSION = YES;
				CLANG_WARN_COMMA = YES;
				CLANG_WARN_CONSTANT_CONVERSION = YES;
				CLANG_WARN_DEPRECATED_OBJC_IMPLEMENTATIONS = YES;
				CLANG_WARN_DIRECT_OBJC_ISA_USAGE = YES_ERROR;
				CLANG_WARN_DOCUMENTATION_COMMENTS = YES;
				CLANG_WARN_EMPTY_BODY = YES;
				CLANG_WARN_ENUM_CONVERSION = YES;
				CLANG_WARN_INFINITE_RECURSION = YES;
				CLANG_WARN_INT_CONVERSION = YES;
				CLANG_WARN_NON_LITERAL_NULL_CONVERSION = YES;
				CLANG_WARN_OBJC_IMPLICIT_RETAIN_SELF = YES;
				CLANG_WARN_OBJC_LITERAL_CONVERSION = YES;
				CLANG_WARN_OBJC_ROOT_CLASS = YES_ERROR;
				CLANG_WARN_RANGE_LOOP_ANALYSIS = YES;
				CLANG_WARN_STRICT_PROTOTYPES = YES;
				CLANG_WARN_SUSPICIOUS_MOVE = YES;
				CLANG_WARN_UNGUARDED_AVAILABILITY = YES_AGGRESSIVE;
				CLANG_WARN_UNREACHABLE_CODE = YES;
				CLANG_WARN__DUPLICATE_METHOD_MATCH = YES;
				CODE_SIGN_IDENTITY = "iPhone Developer";
				COPY_PHASE_STRIP = NO;
				DEBUG_INFORMATION_FORMAT = "dwarf-with-dsym";
				ENABLE_NS_ASSERTIONS = NO;
				ENABLE_STRICT_OBJC_MSGSEND = YES;
				GCC_C_LANGUAGE_STANDARD = gnu11;
				GCC_NO_COMMON_BLOCKS = YES;
				GCC_WARN_64_TO_32_BIT_CONVERSION = YES;
				GCC_WARN_ABOUT_RETURN_TYPE = YES_ERROR;
				GCC_WARN_UNDECLARED_SELECTOR = YES;
				GCC_WARN_UNINITIALIZED_AUTOS = YES_AGGRESSIVE;
				GCC_WARN_UNUSED_FUNCTION = YES;
				GCC_WARN_UNUSED_VARIABLE = YES;
				IPHONEOS_DEPLOYMENT_TARGET = 11.2;
				MTL_ENABLE_DEBUG_INFO = NO;
				SDKROOT = iphoneos;
				SWIFT_OPTIMIZATION_LEVEL = "-Owholemodule";
				VALIDATE_PRODUCT = YES;
			};
			name = Release;
		};
		A8B3BFAB2067D06E00E049FC /* Debug */ = {
			isa = XCBuildConfiguration;
			baseConfigurationReference = 83255655E9B95D486AAE1AC4 /* Pods-XeriSavings.debug.xcconfig */;
			buildSettings = {
				ASSETCATALOG_COMPILER_APPICON_NAME = AppIcon;
				CODE_SIGN_STYLE = Automatic;
				DEVELOPMENT_TEAM = JJJ85T8657;
				INFOPLIST_FILE = XeriSavings/Info.plist;
				LD_RUNPATH_SEARCH_PATHS = "$(inherited) @executable_path/Frameworks";
				PRODUCT_BUNDLE_IDENTIFIER = com.cluboreo.XeriSavings;
				PRODUCT_NAME = "$(TARGET_NAME)";
				SWIFT_VERSION = 4.0;
				TARGETED_DEVICE_FAMILY = 2;
			};
			name = Debug;
		};
		A8B3BFAC2067D06E00E049FC /* Release */ = {
			isa = XCBuildConfiguration;
			baseConfigurationReference = A6EA73C94C4E609FDD9CF084 /* Pods-XeriSavings.release.xcconfig */;
			buildSettings = {
				ASSETCATALOG_COMPILER_APPICON_NAME = AppIcon;
				CODE_SIGN_STYLE = Automatic;
				DEVELOPMENT_TEAM = JJJ85T8657;
				INFOPLIST_FILE = XeriSavings/Info.plist;
				LD_RUNPATH_SEARCH_PATHS = "$(inherited) @executable_path/Frameworks";
				PRODUCT_BUNDLE_IDENTIFIER = com.cluboreo.XeriSavings;
				PRODUCT_NAME = "$(TARGET_NAME)";
				SWIFT_VERSION = 4.0;
				TARGETED_DEVICE_FAMILY = 2;
			};
			name = Release;
		};
/* End XCBuildConfiguration section */

/* Begin XCConfigurationList section */
		A8B3BF932067D06E00E049FC /* Build configuration list for PBXProject "XeriSavings" */ = {
			isa = XCConfigurationList;
			buildConfigurations = (
				A8B3BFA82067D06E00E049FC /* Debug */,
				A8B3BFA92067D06E00E049FC /* Release */,
			);
			defaultConfigurationIsVisible = 0;
			defaultConfigurationName = Release;
		};
		A8B3BFAA2067D06E00E049FC /* Build configuration list for PBXNativeTarget "XeriSavings" */ = {
			isa = XCConfigurationList;
			buildConfigurations = (
				A8B3BFAB2067D06E00E049FC /* Debug */,
				A8B3BFAC2067D06E00E049FC /* Release */,
			);
			defaultConfigurationIsVisible = 0;
			defaultConfigurationName = Release;
		};
/* End XCConfigurationList section */
	};
	rootObject = A8B3BF902067D06E00E049FC /* Project object */;
}
